<?xml version="1.0" encoding="utf-8"?>
<Project ToolsVersion="4.0" xmlns="http://schemas.microsoft.com/developer/msbuild/2003">
  <ItemGroup>
    <ClCompile Include="main.cpp" />
    <ClCompile Include="utilities\utilities.cpp" />
    <ClCompile Include="utilities\console\console.cpp" />
    <ClCompile Include="utilities\memory\memory.cpp" />
    <ClCompile Include="utilities\modules\modules.cpp" />
    <ClCompile Include="globals\interfaces\interfaces.cpp" />
    <ClCompile Include="game\sdk\classes\c_weapon_data.cpp" />
    <ClCompile Include="globals\convars\convars.cpp" />
    <ClCompile Include="game\sdk\classes\entity.cpp" />
    <ClCompile Include="game\sdk\classes\c_user_cmd.cpp" />
    <ClCompile Include="dependencies\crc32\crc32.cpp" />
    <ClCompile Include="dependencies\minhook\src\hde\hde32.c" />
    <ClCompile Include="dependencies\minhook\src\hde\hde64.c" />
    <ClCompile Include="dependencies\minhook\src\buffer.c" />
    <ClCompile Include="dependencies\minhook\src\hook.c" />
    <ClCompile Include="dependencies\minhook\src\trampoline.c" />
    <ClCompile Include="hooks\hooks.cpp" />
    <ClCompile Include="hooks\detour_hook\c_detour_hook.cpp" />
    <ClCompile Include="globals\netvars\netvars.cpp" />
    <ClCompile Include="hacks\prediction\prediction.cpp" />
    <ClCompile Include="dependencies\imgui\imgui.cpp" />
    <ClCompile Include="dependencies\imgui\imgui_demo.cpp" />
    <ClCompile Include="dependencies\imgui\imgui_draw.cpp" />
    <ClCompile Include="dependencies\imgui\imgui_freetype.cpp" />
    <ClCompile Include="dependencies\imgui\imgui_impl_dx9.cpp" />
    <ClCompile Include="dependencies\imgui\imgui_impl_win32.cpp" />
    <ClCompile Include="dependencies\imgui\imgui_tables.cpp" />
    <ClCompile Include="dependencies\imgui\imgui_widgets.cpp" />
    <ClCompile Include="game\sdk\classes\c_color.cpp" />
    <ClCompile Include="globals\render\render.cpp" />
    <ClCompile Include="utilities\input\input.cpp" />
    <ClCompile Include="hacks\menu\menu.cpp" />
    <ClCompile Include="globals\config\config.cpp" />
    <ClCompile Include="hacks\entity_cache\entity_cache.cpp" />
    <ClCompile Include="hacks\visuals\edicts\edicts.cpp" />
    <ClCompile Include="hacks\movement\movement.cpp" />
    <ClCompile Include="globals\math\math.cpp" />
    <ClCompile Include="game\sdk\classes\c_angle.cpp" />
    <ClCompile Include="hacks\lagcomp\lagcomp.cpp" />
    <ClCompile Include="hacks\indicators\indicators.cpp" />
    <ClCompile Include="hacks\misc\misc.cpp" />
    <ClCompile Include="hacks\visuals\players\players.cpp" />
    <ClCompile Include="hacks\aimbot\aimbot.cpp" />
    <ClCompile Include="hacks\misc\scaleform\scaleform.cpp" />
    <ClCompile Include="hacks\animations\animations.cpp" />
    <ClCompile Include="hacks\visuals\players\dormancy\dormancy.cpp" />
    <ClCompile Include="hacks\avatar_cache\avatar_cache.cpp" />
    <ClCompile Include="game\sdk\classes\c_key_values.cpp" />
    <ClCompile Include="globals\fonts\fonts.cpp" />
    <ClCompile Include="hacks\visuals\screen\screen.cpp" />
    <ClCompile Include="hacks\auto_wall\auto_wall.cpp" />
    <ClCompile Include="globals\media_player\media_player.cpp" />
    <ClCompile Include="hooks\functions\alloc_key_values_memory.cpp" />
    <ClCompile Include="hooks\functions\create_move_proxy.cpp" />
    <ClCompile Include="hooks\functions\draw_model_execute.cpp" />
    <ClCompile Include="hooks\functions\draw_set_color.cpp" />
    <ClCompile Include="hooks\functions\draw_view_models.cpp" />
    <ClCompile Include="hooks\functions\emit_sound.cpp" />
    <ClCompile Include="hooks\functions\end_scene.cpp" />
    <ClCompile Include="hooks\functions\find_material.cpp" />
    <ClCompile Include="hooks\functions\fire_event_intern.cpp" />
    <ClCompile Include="hooks\functions\frame_stage_notify.cpp" />
    <ClCompile Include="hooks\functions\get_vcollide.cpp" />
    <ClCompile Include="hooks\functions\glow_effect_spectator.cpp" />
    <ClCompile Include="hooks\functions\is_hltv.cpp" />
    <ClCompile Include="hooks\functions\is_paused.cpp" />
    <ClCompile Include="hooks\functions\is_playing_demo.cpp" />
    <ClCompile Include="hooks\functions\level_init_post_entity.cpp" />
    <ClCompile Include="hooks\functions\level_init_pre_entity.cpp" />
    <ClCompile Include="hooks\functions\level_shutdown.cpp" />
    <ClCompile Include="hooks\functions\list_leaves_in_box.cpp" />
    <ClCompile Include="hooks\functions\lock_cursor.cpp" />
    <ClCompile Include="hooks\functions\modify_eye_position.cpp" />
    <ClCompile Include="hooks\functions\net_earliertempents.cpp" />
    <ClCompile Include="hooks\functions\on_add_entity.cpp" />
    <ClCompile Include="hooks\functions\on_remove_entity.cpp" />
    <ClCompile Include="hooks\functions\override_mouse_input.cpp" />
    <ClCompile Include="hooks\functions\paint_traverse.cpp" />
    <ClCompile Include="hooks\functions\particle_collection_simulate.cpp" />
    <ClCompile Include="hooks\functions\process_movement.cpp" />
    <ClCompile Include="hooks\functions\reset.cpp" />
    <ClCompile Include="hooks\functions\run_command.cpp" />
    <ClCompile Include="hooks\functions\send_datagram.cpp" />
    <ClCompile Include="hooks\functions\send_net_msg.cpp" />
    <ClCompile Include="hooks\functions\set_image_data_r8g8b8a8.cpp" />
    <ClCompile Include="hooks\functions\wndproc.cpp" />
    <ClCompile Include="hacks\movement\edgebug.cpp" />
    <ClCompile Include="hacks\visuals\players\esp.cpp" />
    <ClCompile Include="globals\render\draw.cpp" />
    <ClCompile Include="game\sdk\classes\econ_item.cpp" />
    <ClCompile Include="game\sdk\classes\i_player_inventory.cpp" />
    <ClCompile Include="hacks\inventory\items_manager.cpp" />
    <ClCompile Include="hacks\inventory\inventory_changer.cpp" />
    <ClCompile Include="hooks\functions\inventory_changer_hooks.cpp" />
    <ClCompile Include="instalisation fonts\fonts2.cpp" />
    <ClCompile Include="globals\globals.cpp" />
  </ItemGroup>
  <ItemGroup>
    <ClInclude Include="game\sdk\includes\includes.h" />
    <ClInclude Include="globals\includes\includes.h" />
    <ClInclude Include="dependencies\lazy_importer\lazy_importer.h" />
    <ClInclude Include="utilities\utilities.h" />
    <ClInclude Include="utilities\console\console.h" />
    <ClInclude Include="dependencies\fnv1a\fnv1a.h" />
    <ClInclude Include="utilities\memory\memory.h" />
    <ClInclude Include="utilities\memory\structs\pe32.h" />
    <ClInclude Include="utilities\modules\modules.h" />
    <ClInclude Include="game\sdk\structs\interface_node_t.h" />
    <ClInclude Include="utilities\memory\virtual.h" />
    <ClInclude Include="game\sdk\classes\c_base_client.h" />
    <ClInclude Include="game\sdk\classes\c_base_client_dll.h" />
    <ClInclude Include="globals\interfaces\interfaces.h" />
    <ClInclude Include="game\sdk\classes\c_engine_client.h" />
    <ClInclude Include="game\sdk\structs\player_info_t.h" />
    <ClInclude Include="game\sdk\classes\c_net_channel_info.h" />
    <ClInclude Include="game\sdk\classes\c_client_entity_list.h" />
    <ClInclude Include="game\sdk\classes\c_input_system.h" />
    <ClInclude Include="game\sdk\classes\c_key_values_system.h" />
    <ClInclude Include="game\sdk\classes\c_global_vars_base.h" />
    <ClInclude Include="game\sdk\classes\c_weapon_data.h" />
    <ClInclude Include="game\sdk\enums\e_weapon_type.h" />
    <ClInclude Include="game\sdk\enums\e_item_definition_index.h" />
    <ClInclude Include="game\sdk\classes\c_weapon_system.h" />
    <ClInclude Include="game\sdk\classes\c_material_system.h" />
    <ClInclude Include="game\sdk\classes\c_material.h" />
    <ClInclude Include="game\sdk\classes\c_material_var.h" />
    <ClInclude Include="game\sdk\enums\e_preview_image_ret_val.h" />
    <ClInclude Include="game\sdk\enums\e_image_format.h" />
    <ClInclude Include="game\sdk\enums\e_material_var_flags.h" />
    <ClInclude Include="game\sdk\enums\e_material_property_type.h" />
    <ClInclude Include="game\sdk\classes\c_vector.h" />
    <ClInclude Include="game\sdk\classes\c_engine_trace.h" />
    <ClInclude Include="game\sdk\structs\matrix_t.h" />
    <ClInclude Include="game\sdk\classes\c_utl_memory.h" />
    <ClInclude Include="game\sdk\classes\c_utl_vector.h" />
    <ClInclude Include="game\sdk\classes\c_app_system.h" />
    <ClInclude Include="game\sdk\classes\c_client_state.h" />
    <ClInclude Include="game\sdk\classes\c_angle.h" />
    <ClInclude Include="game\sdk\classes\c_debug_overlay.h" />
    <ClInclude Include="game\sdk\enums\e_send_prop_type.h" />
    <ClInclude Include="game\sdk\structs\recv_prop_t.h" />
    <ClInclude Include="game\datatypes\recv_var_proxy_fn.h" />
    <ClInclude Include="game\sdk\structs\recv_table_t.h" />
    <ClInclude Include="game\sdk\classes\c_recv_proxy_data.h" />
    <ClInclude Include="game\sdk\structs\data_variant_t.h" />
    <ClInclude Include="game\sdk\classes\c_standart_recv_proxies.h" />
    <ClInclude Include="game\sdk\enums\e_convar_flag.h" />
    <ClInclude Include="game\sdk\classes\c_convar.h" />
    <ClInclude Include="game\datatypes\fn_change_callback.h" />
    <ClInclude Include="game\sdk\classes\c_cconvar.h" />
    <ClInclude Include="globals\convars\convars.h" />
    <ClInclude Include="game\sdk\classes\c_con_base.h" />
    <ClInclude Include="game\sdk\classes\entity.h" />
    <ClInclude Include="game\sdk\classes\c_input.h" />
    <ClInclude Include="game\sdk\classes\c_user_cmd.h" />
    <ClInclude Include="game\sdk\enums\e_command_buttons.h" />
    <ClInclude Include="dependencies\crc32\crc32.h" />
    <ClInclude Include="dependencies\minhook\include\MinHook.h" />
    <ClInclude Include="dependencies\minhook\src\hde\hde32.h" />
    <ClInclude Include="dependencies\minhook\src\hde\hde64.h" />
    <ClInclude Include="dependencies\minhook\src\hde\pstdint.h" />
    <ClInclude Include="dependencies\minhook\src\hde\table32.h" />
    <ClInclude Include="dependencies\minhook\src\hde\table64.h" />
    <ClInclude Include="dependencies\minhook\src\buffer.h" />
    <ClInclude Include="dependencies\minhook\src\trampoline.h" />
    <ClInclude Include="hooks\hooks.h" />
    <ClInclude Include="hooks\detour_hook\c_detour_hook.h" />
    <ClInclude Include="globals\netvars\netvars.h" />
    <ClInclude Include="game\sdk\enums\e_field_types.h" />
    <ClInclude Include="game\sdk\structs\data_map_t.h" />
    <ClInclude Include="game\sdk\structs\type_description_t.h" />
    <ClInclude Include="game\sdk\classes\c_animation_state.h" />
    <ClInclude Include="game\sdk\classes\c_model_info.h" />
    <ClInclude Include="game\sdk\structs\studiohdr_t.h" />
    <ClInclude Include="game\sdk\structs\mstudiobone_t.h" />
    <ClInclude Include="game\sdk\structs\mstudiohitboxset_t.h" />
    <ClInclude Include="game\sdk\classes\c_game_movement.h" />
    <ClInclude Include="game\sdk\classes\c_move_data.h" />
    <ClInclude Include="game\sdk\classes\c_move_helper.h" />
    <ClInclude Include="game\sdk\classes\c_prediction.h" />
    <ClInclude Include="game\sdk\classes\c_model_render.h" />
    <ClInclude Include="hacks\prediction\prediction.h" />
    <ClInclude Include="utilities\memory\relative.h" />
    <ClInclude Include="game\sdk\enums\e_flags.h" />
    <ClInclude Include="game\sdk\classes\c_model_cache.h" />
    <ClInclude Include="game\sdk\classes\c_surface.h" />
    <ClInclude Include="dependencies\imgui\helpers\easing.h" />
    <ClInclude Include="dependencies\imgui\helpers\fonts.h" />
    <ClInclude Include="dependencies\imgui\imconfig.h" />
    <ClInclude Include="dependencies\imgui\imgui.h" />
    <ClInclude Include="dependencies\imgui\imgui_freetype.h" />
    <ClInclude Include="dependencies\imgui\imgui_impl_dx9.h" />
    <ClInclude Include="dependencies\imgui\imgui_impl_win32.h" />
    <ClInclude Include="dependencies\imgui\imgui_internal.h" />
    <ClInclude Include="dependencies\imgui\imstb_rectpack.h" />
    <ClInclude Include="dependencies\imgui\imstb_textedit.h" />
    <ClInclude Include="dependencies\imgui\imstb_truetype.h" />
    <ClInclude Include="game\sdk\classes\c_color.h" />
    <ClInclude Include="globals\render\render.h" />
    <ClInclude Include="utilities\input\key_bind_t.h" />
    <ClInclude Include="utilities\input\input.h" />
    <ClInclude Include="hacks\menu\menu.h" />
    <ClInclude Include="globals\config\config.h" />
    <ClInclude Include="dependencies\json\detail\conversions\from_json.hpp" />
    <ClInclude Include="dependencies\json\detail\conversions\to_chars.hpp" />
    <ClInclude Include="dependencies\json\detail\conversions\to_json.hpp" />
    <ClInclude Include="dependencies\json\detail\input\binary_reader.hpp" />
    <ClInclude Include="dependencies\json\detail\input\input_adapters.hpp" />
    <ClInclude Include="dependencies\json\detail\input\json_sax.hpp" />
    <ClInclude Include="dependencies\json\detail\input\lexer.hpp" />
    <ClInclude Include="dependencies\json\detail\input\parser.hpp" />
    <ClInclude Include="dependencies\json\detail\input\position_t.hpp" />
    <ClInclude Include="dependencies\json\detail\iterators\internal_iterator.hpp" />
    <ClInclude Include="dependencies\json\detail\iterators\iter_impl.hpp" />
    <ClInclude Include="dependencies\json\detail\iterators\iteration_proxy.hpp" />
    <ClInclude Include="dependencies\json\detail\iterators\iterator_traits.hpp" />
    <ClInclude Include="dependencies\json\detail\iterators\json_reverse_iterator.hpp" />
    <ClInclude Include="dependencies\json\detail\iterators\primitive_iterator.hpp" />
    <ClInclude Include="dependencies\json\detail\meta\cpp_future.hpp" />
    <ClInclude Include="dependencies\json\detail\meta\detected.hpp" />
    <ClInclude Include="dependencies\json\detail\meta\is_sax.hpp" />
    <ClInclude Include="dependencies\json\detail\meta\type_traits.hpp" />
    <ClInclude Include="dependencies\json\detail\meta\void_t.hpp" />
    <ClInclude Include="dependencies\json\detail\output\binary_writer.hpp" />
    <ClInclude Include="dependencies\json\detail\output\output_adapters.hpp" />
    <ClInclude Include="dependencies\json\detail\output\serializer.hpp" />
    <ClInclude Include="dependencies\json\detail\exceptions.hpp" />
    <ClInclude Include="dependencies\json\detail\json_pointer.hpp" />
    <ClInclude Include="dependencies\json\detail\json_ref.hpp" />
    <ClInclude Include="dependencies\json\detail\macro_scope.hpp" />
    <ClInclude Include="dependencies\json\detail\macro_unscope.hpp" />
    <ClInclude Include="dependencies\json\detail\value_t.hpp" />
    <ClInclude Include="dependencies\json\thirdparty\hedley\hedley.hpp" />
    <ClInclude Include="dependencies\json\thirdparty\hedley\hedley_undef.hpp" />
    <ClInclude Include="dependencies\json\adl_serializer.hpp" />
    <ClInclude Include="dependencies\json\json.hpp" />
    <ClInclude Include="dependencies\json\json_fwd.hpp" />
    <ClInclude Include="globals\config\variables.h" />
    <ClInclude Include="game\sdk\classes\c_game_types.h" />
    <ClInclude Include="game\sdk\classes\c_localize.h" />
    <ClInclude Include="game\sdk\classes\c_panel.h" />
    <ClInclude Include="hacks\entity_cache\entity_cache.h" />
    <ClInclude Include="globals\macros\macros.h" />
    <ClInclude Include="globals\globals.h" />
    <ClInclude Include="game\sdk\structs\vcollide_t.h" />
    <ClInclude Include="hacks\visuals\edicts\edicts.h" />
    <ClInclude Include="game\sdk\classes\c_physics_collisons.h" />
    <ClInclude Include="hacks\movement\movement.h" />
    <ClInclude Include="globals\math\math.h" />
    <ClInclude Include="game\sdk\enums\e_move_types.h" />
    <ClInclude Include="hacks\lagcomp\lagcomp.h" />
    <ClInclude Include="hacks\indicators\indicators.h" />
    <ClInclude Include="game\sdk\classes\c_utl_string.h" />
    <ClInclude Include="game\sdk\classes\c_utl_reference.h" />
    <ClInclude Include="game\sdk\classes\c_studio_render.h" />
    <ClInclude Include="hacks\misc\misc.h" />
    <ClInclude Include="game\sdk\enums\e_client_frame_stage.h" />
    <ClInclude Include="game\sdk\structs\var_mapping.h" />
    <ClInclude Include="game\sdk\structs\bounding_box_t.h" />
    <ClInclude Include="game\sdk\enums\e_class_ids.h" />
    <ClInclude Include="hacks\visuals\players\players.h" />
    <ClInclude Include="hacks\aimbot\aimbot.h" />
    <ClInclude Include="game\sdk\enums\e_hitgroup.h" />
    <ClInclude Include="game\sdk\enums\e_glow_style.h" />
    <ClInclude Include="globals\logger\logger.h" />
    <ClInclude Include="hacks\debug\debug.h" />
    <ClInclude Include="game\sdk\structs\game_event_t.h" />
    <ClInclude Include="game\sdk\enums\e_obs_mode.h" />
    <ClInclude Include="game\sdk\classes\panorama\panorama.h" />
    <ClInclude Include="game\sdk\classes\panorama\c_uipanel.h" />
    <ClInclude Include="game\sdk\classes\panorama\c_uievent.h" />
    <ClInclude Include="game\sdk\classes\panorama\c_panorama_ui_engine.h" />
    <ClInclude Include="hacks\misc\scaleform\scaleform.h" />
    <ClInclude Include="game\sdk\structs\fmt_str_n_t.h" />
    <ClInclude Include="utilities\data\data.h" />
    <ClInclude Include="hacks\visuals\players\chams\chams.h" />
    <ClInclude Include="game\sdk\structs\model_render_info_t.h" />
    <ClInclude Include="hacks\animations\animations.h" />
    <ClInclude Include="game\sdk\structs\renderable_info_t.h" />
    <ClInclude Include="hacks\visuals\players\dormancy\dormancy.h" />
    <ClInclude Include="game\sdk\classes\c_engine_sound.h" />
    <ClInclude Include="game\sdk\classes\c_csgo_hud_radar.h" />
    <ClInclude Include="dependencies\steam\isteamapplist.h" />
    <ClInclude Include="dependencies\steam\isteamapps.h" />
    <ClInclude Include="dependencies\steam\isteamappticket.h" />
    <ClInclude Include="dependencies\steam\isteamclient.h" />
    <ClInclude Include="dependencies\steam\isteamcontroller.h" />
    <ClInclude Include="dependencies\steam\isteamfriends.h" />
    <ClInclude Include="dependencies\steam\isteamgamecoordinator.h" />
    <ClInclude Include="dependencies\steam\isteamgameserver.h" />
    <ClInclude Include="dependencies\steam\isteamgameserverstats.h" />
    <ClInclude Include="dependencies\steam\isteamhtmlsurface.h" />
    <ClInclude Include="dependencies\steam\isteamhttp.h" />
    <ClInclude Include="dependencies\steam\isteaminventory.h" />
    <ClInclude Include="dependencies\steam\isteammasterserverupdater.h" />
    <ClInclude Include="dependencies\steam\isteammatchmaking.h" />
    <ClInclude Include="dependencies\steam\isteammusic.h" />
    <ClInclude Include="dependencies\steam\isteammusicremote.h" />
    <ClInclude Include="dependencies\steam\isteamnetworking.h" />
    <ClInclude Include="dependencies\steam\isteamparentalsettings.h" />
    <ClInclude Include="dependencies\steam\isteamps3overlayrenderer.h" />
    <ClInclude Include="dependencies\steam\isteamremotestorage.h" />
    <ClInclude Include="dependencies\steam\isteamscreenshots.h" />
    <ClInclude Include="dependencies\steam\isteamugc.h" />
    <ClInclude Include="dependencies\steam\isteamuser.h" />
    <ClInclude Include="dependencies\steam\isteamuserstats.h" />
    <ClInclude Include="dependencies\steam\isteamutils.h" />
    <ClInclude Include="dependencies\steam\isteamvideo.h" />
    <ClInclude Include="dependencies\steam\matchmakingtypes.h" />
    <ClInclude Include="dependencies\steam\steam_api.h" />
    <ClInclude Include="dependencies\steam\steam_api_flat.h" />
    <ClInclude Include="dependencies\steam\steam_api_internal.h" />
    <ClInclude Include="dependencies\steam\steam_gameserver.h" />
    <ClInclude Include="dependencies\steam\steamclientpublic.h" />
    <ClInclude Include="dependencies\steam\steamencryptedappticket.h" />
    <ClInclude Include="dependencies\steam\steamhttpenums.h" />
    <ClInclude Include="dependencies\steam\steamps3params.h" />
    <ClInclude Include="dependencies\steam\steamtypes.h" />
    <ClInclude Include="dependencies\steam\steamuniverse.h" />
    <ClInclude Include="hacks\avatar_cache\avatar_cache.h" />
    <ClInclude Include="dependencies\avatar_data\avatar_data.h" />
    <ClInclude Include="game\sdk\classes\c_key_values.h" />
    <ClInclude Include="globals\config\structs\font_setting_t.h" />
    <ClInclude Include="globals\fonts\fonts.h" />
    <ClInclude Include="game\sdk\classes\c_view_setup.h" />
    <ClInclude Include="hacks\visuals\screen\screen.h" />
    <ClInclude Include="game\sdk\classes\c_physics_surface_props.h" />
    <ClInclude Include="hacks\auto_wall\auto_wall.h" />
    <ClInclude Include="game\sdk\enums\e_team_id.h" />
    <ClInclude Include="game\sdk\enums\e_damage_type.h" />
    <ClInclude Include="game\sdk\enums\e_collision_group.h" />
    <ClInclude Include="game\sdk\enums\e_property_data_interactions.h" />
    <ClInclude Include="game\sdk\enums\e_multiplayer_break.h" />
    <ClInclude Include="game\sdk\classes\c_multiplayer_physics.h" />
    <ClInclude Include="game\sdk\classes\c_breakable_with_prop_data.h" />
    <ClInclude Include="game\sdk\structs\string_t.h" />
    <ClInclude Include="game\sdk\enums\e_multiplayer_physics_mode.h" />
    <ClInclude Include="game\sdk\enums\e_valve_decals.h" />
    <ClInclude Include="game\sdk\classes\c_net_message.h" />
    <ClInclude Include="game\sdk\structs\rect_t.h" />
    <ClInclude Include="globals\media_player\media_player.h" />
    <ClInclude Include="hacks\movement\edgebug.h" />
    <ClInclude Include="hacks\visuals\players\esp.h" />
    <ClInclude Include="globals\render\draw.h" />
    <ClInclude Include="hacks\inventory\inventory_changer.h" />
    <ClInclude Include="hacks\inventory\items_manager.h" />
    <ClInclude Include="game\sdk\classes\i_player_inventory.h" />
    <ClInclude Include="game\sdk\classes\i_shared_object.h" />
    <ClInclude Include="game\sdk\classes\econ_item.h" />
    <ClInclude Include="hooks\recv.h" />
    <ClInclude Include="hooks\detour_hook\vfunc.h" />
    <ClInclude Include="tooltips\tooltips.h" />
    <ClInclude Include="elements\button.hh" />
    <ClInclude Include="elements\checkbox.hh" />
    <ClInclude Include="elements\childbox.hh" />
    <ClInclude Include="elements\combobox.hh" />
    <ClInclude Include="elements\i_text.hh" />
    <ClInclude Include="elements\sliders.hh" />
    <ClInclude Include="elements\spinner.hh" />
    <ClInclude Include="elements\tabs.hh" />
    <ClInclude Include="dependencies\fonts\apple-font\SF-Pro-Display-Black.h" />
    <ClInclude Include="dependencies\fonts\apple-font\SF-Pro-Display-Bold.h" />
    <ClInclude Include="dependencies\fonts\apple-font\SF-Pro-Display-Heavy.h" />
    <ClInclude Include="dependencies\fonts\apple-font\SF-Pro-Display-Light.h" />
    <ClInclude Include="dependencies\fonts\apple-font\SF-Pro-Display-Medium.h" />
    <ClInclude Include="dependencies\fonts\apple-font\SF-Pro-Display-Regular.h" />
    <ClInclude Include="dependencies\fonts\apple-font\SF-Pro-Display-Semibold.h" />
    <ClInclude Include="dependencies\fonts\apple-font\SF-Pro-Display-Thin.h" />
    <ClInclude Include="dependencies\fonts\apple-font\SF-Pro-Display-Ultralight.h" />
    <ClInclude Include="dependencies\fonts\anime.h" />
    <ClInclude Include="dependencies\fonts\lobotomy.h" />
    <ClInclude Include="instalisation fonts\fonts2.h" />
    <ClInclude Include="includes\spdlog\cfg\argv.h" />
    <ClInclude Include="includes\spdlog\cfg\env.h" />
    <ClInclude Include="includes\spdlog\cfg\helpers.h" />
    <ClInclude Include="includes\spdlog\cfg\helpers-inl.h" />
    <ClInclude Include="includes\spdlog\details\backtracer.h" />
    <ClInclude Include="includes\spdlog\details\backtracer-inl.h" />
    <ClInclude Include="includes\spdlog\details\circular_q.h" />
    <ClInclude Include="includes\spdlog\details\console_globals.h" />
    <ClInclude Include="includes\spdlog\details\file_helper.h" />
    <ClInclude Include="includes\spdlog\details\file_helper-inl.h" />
    <ClInclude Include="includes\spdlog\details\fmt_helper.h" />
    <ClInclude Include="includes\spdlog\details\log_msg.h" />
    <ClInclude Include="includes\spdlog\details\log_msg_buffer.h" />
    <ClInclude Include="includes\spdlog\details\log_msg_buffer-inl.h" />
    <ClInclude Include="includes\spdlog\details\log_msg-inl.h" />
    <ClInclude Include="includes\spdlog\details\mpmc_blocking_q.h" />
    <ClInclude Include="includes\spdlog\details\null_mutex.h" />
    <ClInclude Include="includes\spdlog\details\os.h" />
    <ClInclude Include="includes\spdlog\details\os-inl.h" />
    <ClInclude Include="includes\spdlog\details\periodic_worker.h" />
    <ClInclude Include="includes\spdlog\details\periodic_worker-inl.h" />
    <ClInclude Include="includes\spdlog\details\registry.h" />
    <ClInclude Include="includes\spdlog\details\registry-inl.h" />
    <ClInclude Include="includes\spdlog\details\synchronous_factory.h" />
    <ClInclude Include="includes\spdlog\details\tcp_client.h" />
    <ClInclude Include="includes\spdlog\details\tcp_client-windows.h" />
    <ClInclude Include="includes\spdlog\details\thread_pool.h" />
    <ClInclude Include="includes\spdlog\details\thread_pool-inl.h" />
    <ClInclude Include="includes\spdlog\details\udp_client.h" />
    <ClInclude Include="includes\spdlog\details\udp_client-windows.h" />
    <ClInclude Include="includes\spdlog\details\windows_include.h" />
    <ClInclude Include="includes\spdlog\fmt\bundled\args.h" />
    <ClInclude Include="includes\spdlog\fmt\bundled\base.h" />
    <ClInclude Include="includes\spdlog\fmt\bundled\chrono.h" />
    <ClInclude Include="includes\spdlog\fmt\bundled\color.h" />
    <ClInclude Include="includes\spdlog\fmt\bundled\compile.h" />
    <ClInclude Include="includes\spdlog\fmt\bundled\core.h" />
    <ClInclude Include="includes\spdlog\fmt\bundled\format.h" />
    <ClInclude Include="includes\spdlog\fmt\bundled\format-inl.h" />
    <ClInclude Include="includes\spdlog\fmt\bundled\os.h" />
    <ClInclude Include="includes\spdlog\fmt\bundled\ostream.h" />
    <ClInclude Include="includes\spdlog\fmt\bundled\printf.h" />
    <ClInclude Include="includes\spdlog\fmt\bundled\ranges.h" />
    <ClInclude Include="includes\spdlog\fmt\bundled\std.h" />
    <ClInclude Include="includes\spdlog\fmt\bundled\xchar.h" />
    <ClInclude Include="includes\spdlog\fmt\bin_to_hex.h" />
    <ClInclude Include="includes\spdlog\fmt\chrono.h" />
    <ClInclude Include="includes\spdlog\fmt\compile.h" />
    <ClInclude Include="includes\spdlog\fmt\fmt.h" />
    <ClInclude Include="includes\spdlog\fmt\ostr.h" />
    <ClInclude Include="includes\spdlog\fmt\ranges.h" />
    <ClInclude Include="includes\spdlog\fmt\std.h" />
    <ClInclude Include="includes\spdlog\fmt\xchar.h" />
    <ClInclude Include="includes\spdlog\sinks\android_sink.h" />
    <ClInclude Include="includes\spdlog\sinks\ansicolor_sink.h" />
    <ClInclude Include="includes\spdlog\sinks\ansicolor_sink-inl.h" />
    <ClInclude Include="includes\spdlog\sinks\base_sink.h" />
    <ClInclude Include="includes\spdlog\sinks\base_sink-inl.h" />
    <ClInclude Include="includes\spdlog\sinks\basic_file_sink.h" />
    <ClInclude Include="includes\spdlog\sinks\basic_file_sink-inl.h" />
    <ClInclude Include="includes\spdlog\sinks\callback_sink.h" />
    <ClInclude Include="includes\spdlog\sinks\daily_file_sink.h" />
    <ClInclude Include="includes\spdlog\sinks\dist_sink.h" />
    <ClInclude Include="includes\spdlog\sinks\dup_filter_sink.h" />
    <ClInclude Include="includes\spdlog\sinks\hourly_file_sink.h" />
    <ClInclude Include="includes\spdlog\sinks\kafka_sink.h" />
    <ClInclude Include="includes\spdlog\sinks\mongo_sink.h" />
    <ClInclude Include="includes\spdlog\sinks\msvc_sink.h" />
    <ClInclude Include="includes\spdlog\sinks\null_sink.h" />
    <ClInclude Include="includes\spdlog\sinks\ostream_sink.h" />
    <ClInclude Include="includes\spdlog\sinks\qt_sinks.h" />
    <ClInclude Include="includes\spdlog\sinks\ringbuffer_sink.h" />
    <ClInclude Include="includes\spdlog\sinks\rotating_file_sink.h" />
    <ClInclude Include="includes\spdlog\sinks\rotating_file_sink-inl.h" />
    <ClInclude Include="includes\spdlog\sinks\sink.h" />
    <ClInclude Include="includes\spdlog\sinks\sink-inl.h" />
    <ClInclude Include="includes\spdlog\sinks\stdout_color_sinks.h" />
    <ClInclude Include="includes\spdlog\sinks\stdout_color_sinks-inl.h" />
    <ClInclude Include="includes\spdlog\sinks\stdout_sinks.h" />
    <ClInclude Include="includes\spdlog\sinks\stdout_sinks-inl.h" />
    <ClInclude Include="includes\spdlog\sinks\syslog_sink.h" />
    <ClInclude Include="includes\spdlog\sinks\systemd_sink.h" />
    <ClInclude Include="includes\spdlog\sinks\tcp_sink.h" />
    <ClInclude Include="includes\spdlog\sinks\udp_sink.h" />
    <ClInclude Include="includes\spdlog\sinks\win_eventlog_sink.h" />
    <ClInclude Include="includes\spdlog\sinks\wincolor_sink.h" />
    <ClInclude Include="includes\spdlog\sinks\wincolor_sink-inl.h" />
    <ClInclude Include="includes\spdlog\async.h" />
    <ClInclude Include="includes\spdlog\async_logger.h" />
    <ClInclude Include="includes\spdlog\async_logger-inl.h" />
    <ClInclude Include="includes\spdlog\common.h" />
    <ClInclude Include="includes\spdlog\common-inl.h" />
    <ClInclude Include="includes\spdlog\formatter.h" />
    <ClInclude Include="includes\spdlog\fwd.h" />
    <ClInclude Include="includes\spdlog\logger.h" />
    <ClInclude Include="includes\spdlog\logger-inl.h" />
    <ClInclude Include="includes\spdlog\mdc.h" />
    <ClInclude Include="includes\spdlog\pattern_formatter.h" />
    <ClInclude Include="includes\spdlog\pattern_formatter-inl.h" />
    <ClInclude Include="includes\spdlog\spdlog.h" />
    <ClInclude Include="includes\spdlog\spdlog-inl.h" />
    <ClInclude Include="includes\spdlog\stopwatch.h" />
    <ClInclude Include="includes\spdlog\tweakme.h" />
    <ClInclude Include="includes\spdlog\version.h" />
    <ClInclude Include="x86-windows-static-md\include\fmt\args.h" />
    <ClInclude Include="x86-windows-static-md\include\fmt\base.h" />
    <ClInclude Include="x86-windows-static-md\include\fmt\chrono.h" />
    <ClInclude Include="x86-windows-static-md\include\fmt\color.h" />
    <ClInclude Include="x86-windows-static-md\include\fmt\compile.h" />
    <ClInclude Include="x86-windows-static-md\include\fmt\core.h" />
    <ClInclude Include="x86-windows-static-md\include\fmt\format.h" />
    <ClInclude Include="x86-windows-static-md\include\fmt\format-inl.h" />
    <ClInclude Include="x86-windows-static-md\include\fmt\os.h" />
    <ClInclude Include="x86-windows-static-md\include\fmt\ostream.h" />
    <ClInclude Include="x86-windows-static-md\include\fmt\printf.h" />
    <ClInclude Include="x86-windows-static-md\include\fmt\ranges.h" />
    <ClInclude Include="x86-windows-static-md\include\fmt\std.h" />
    <ClInclude Include="x86-windows-static-md\include\fmt\xchar.h" />
  </ItemGroup>
  <ItemGroup>
    <None Include=".clang-format" />
    <None Include="utilities\console\console.inl" />
    <None Include="hacks\misc\scaleform\files\deathnotices.js" />
    <None Include="hacks\misc\scaleform\files\teamcount_avatar.js" />
    <None Include="hacks\misc\scaleform\files\alerts.js" />
    <None Include="hacks\misc\scaleform\files\teamcount_score.js" />
    <None Include="hacks\misc\scaleform\files\weapon_select.js" />
    <None Include="hacks\misc\scaleform\files\health_and_ammo.js" />
  </ItemGroup>
  <ItemGroup>
    <Library Include="Freetype\dfreetype.lib" />
    <Library Include="Freetype\freetype.lib" />
    <Library Include="x86-windows-static-md\lib\spdlog.lib" />
    <Library Include="x86-windows-static-md\lib\fmt.lib" />
    <Library Include="x86-windows-static-md\debug\lib\fmtd.lib" />
    <Library Include="x86-windows-static-md\debug\lib\spdlogd.lib" />
  </ItemGroup>
</Project>